// !$*UTF8*$!
{
	archiveVersion = 1;
	classes = {
	};
	objectVersion = 46;
	objects = {

/* Begin PBXBuildFile section */
		3B5875F61D5F50CA00295C9B /* AppDelegate.swift in Sources */ = {isa = PBXBuildFile; fileRef = 3B5875F51D5F50CA00295C9B /* AppDelegate.swift */; };
		3B5875F81D5F50CA00295C9B /* ViewController.swift in Sources */ = {isa = PBXBuildFile; fileRef = 3B5875F71D5F50CA00295C9B /* ViewController.swift */; };
		3B5875FB1D5F50CA00295C9B /* Main.storyboard in Resources */ = {isa = PBXBuildFile; fileRef = 3B5875F91D5F50CA00295C9B /* Main.storyboard */; };
		3B5875FD1D5F50CA00295C9B /* Assets.xcassets in Resources */ = {isa = PBXBuildFile; fileRef = 3B5875FC1D5F50CA00295C9B /* Assets.xcassets */; };
		3B5876001D5F50CA00295C9B /* LaunchScreen.storyboard in Resources */ = {isa = PBXBuildFile; fileRef = 3B5875FE1D5F50CA00295C9B /* LaunchScreen.storyboard */; };
		3B58760B1D5F50CA00295C9B /* testGitTests.swift in Sources */ = {isa = PBXBuildFile; fileRef = 3B58760A1D5F50CA00295C9B /* testGitTests.swift */; };
		3B5876161D5F50CA00295C9B /* testGitUITests.swift in Sources */ = {isa = PBXBuildFile; fileRef = 3B5876151D5F50CA00295C9B /* testGitUITests.swift */; };
/* End PBXBuildFile section */

/* Begin PBXContainerItemProxy section */
		3B5876071D5F50CA00295C9B /* PBXContainerItemProxy */ = {
			isa = PBXContainerItemProxy;
			containerPortal = 3B5875EA1D5F50CA00295C9B /* Project object */;
			proxyType = 1;
			remoteGlobalIDString = 3B5875F11D5F50CA00295C9B;
			remoteInfo = testGit;
		};
		3B5876121D5F50CA00295C9B /* PBXContainerItemProxy */ = {
			isa = PBXContainerItemProxy;
			containerPortal = 3B5875EA1D5F50CA00295C9B /* Project object */;
			proxyType = 1;
			remoteGlobalIDString = 3B5875F11D5F50CA00295C9B;
			remoteInfo = testGit;
		};
/* End PBXContainerItemProxy section */

/* Begin PBXFileReference section */
		3B5875F21D5F50CA00295C9B /* testGit.app */ = {isa = PBXFileReference; explicitFileType = wrapper.application; includeInIndex = 0; path = testGit.app; sourceTree = BUILT_PRODUCTS_DIR; };
		3B5875F51D5F50CA00295C9B /* AppDelegate.swift */ = {isa = PBXFileReference; lastKnownFileType = sourcecode.swift; path = AppDelegate.swift; sourceTree = "<group>"; };
		3B5875F71D5F50CA00295C9B /* ViewController.swift */ = {isa = PBXFileReference; lastKnownFileType = sourcecode.swift; path = ViewController.swift; sourceTree = "<group>"; };
		3B5875FA1D5F50CA00295C9B /* Base */ = {isa = PBXFileReference; lastKnownFileType = file.storyboard; name = Base; path = Base.lproj/Main.storyboard; sourceTree = "<group>"; };
		3B5875FC1D5F50CA00295C9B /* Assets.xcassets */ = {isa = PBXFileReference; lastKnownFileType = folder.assetcatalog; path = Assets.xcassets; sourceTree = "<group>"; };
		3B5875FF1D5F50CA00295C9B /* Base */ = {isa = PBXFileReference; lastKnownFileType = file.storyboard; name = Base; path = Base.lproj/LaunchScreen.storyboard; sourceTree = "<group>"; };
		3B5876011D5F50CA00295C9B /* Info.plist */ = {isa = PBXFileReference; lastKnownFileType = text.plist.xml; path = Info.plist; sourceTree = "<group>"; };
		3B5876061D5F50CA00295C9B /* testGitTests.xctest */ = {isa = PBXFileReference; explicitFileType = wrapper.cfbundle; includeInIndex = 0; path = testGitTests.xctest; sourceTree = BUILT_PRODUCTS_DIR; };
		3B58760A1D5F50CA00295C9B /* testGitTests.swift */ = {isa = PBXFileReference; lastKnownFileType = sourcecode.swift; path = testGitTests.swift; sourceTree = "<group>"; };
		3B58760C1D5F50CA00295C9B /* Info.plist */ = {isa = PBXFileReference; lastKnownFileType = text.plist.xml; path = Info.plist; sourceTree = "<group>"; };
		3B5876111D5F50CA00295C9B /* testGitUITests.xctest */ = {isa = PBXFileReference; explicitFileType = wrapper.cfbundle; includeInIndex = 0; path = testGitUITests.xctest; sourceTree = BUILT_PRODUCTS_DIR; };
		3B5876151D5F50CA00295C9B /* testGitUITests.swift */ = {isa = PBXFileReference; lastKnownFileType = sourcecode.swift; path = testGitUITests.swift; sourceTree = "<group>"; };
		3B5876171D5F50CA00295C9B /* Info.plist */ = {isa = PBXFileReference; lastKnownFileType = text.plist.xml; path = Info.plist; sourceTree = "<group>"; };
/* End PBXFileReference section */

/* Begin PBXFrameworksBuildPhase section */
		3B5875EF1D5F50CA00295C9B /* Frameworks */ = {
			isa = PBXFrameworksBuildPhase;
			buildActionMask = 2147483647;
			files = (
			);
			runOnlyForDeploymentPostprocessing = 0;
		};
		3B5876031D5F50CA00295C9B /* Frameworks */ = {
			isa = PBXFrameworksBuildPhase;
			buildActionMask = 2147483647;
			files = (
			);
			runOnlyForDeploymentPostprocessing = 0;
		};
		3B58760E1D5F50CA00295C9B /* Frameworks */ = {
			isa = PBXFrameworksBuildPhase;
			buildActionMask = 2147483647;
			files = (
			);
			runOnlyForDeploymentPostprocessing = 0;
		};
/* End PBXFrameworksBuildPhase section */

/* Begin PBXGroup section */
		3B5875E91D5F50CA00295C9B = {
			isa = PBXGroup;
			children = (
				3B5875F41D5F50CA00295C9B /* testGit */,
				3B5876091D5F50CA00295C9B /* testGitTests */,
				3B5876141D5F50CA00295C9B /* testGitUITests */,
				3B5875F31D5F50CA00295C9B /* Products */,
			);
			sourceTree = "<group>";
		};
		3B5875F31D5F50CA00295C9B /* Products */ = {
			isa = PBXGroup;
			children = (
				3B5875F21D5F50CA00295C9B /* testGit.app */,
				3B5876061D5F50CA00295C9B /* testGitTests.xctest */,
				3B5876111D5F50CA00295C9B /* testGitUITests.xctest */,
			);
			name = Products;
			sourceTree = "<group>";
		};
		3B5875F41D5F50CA00295C9B /* testGit */ = {
			isa = PBXGroup;
			children = (
				3B5875F51D5F50CA00295C9B /* AppDelegate.swift */,
				3B5875F71D5F50CA00295C9B /* ViewController.swift */,
				3B5875F91D5F50CA00295C9B /* Main.storyboard */,
				3B5875FC1D5F50CA00295C9B /* Assets.xcassets */,
				3B5875FE1D5F50CA00295C9B /* LaunchScreen.storyboard */,
				3B5876011D5F50CA00295C9B /* Info.plist */,
			);
			path = testGit;
			sourceTree = "<group>";
		};
		3B5876091D5F50CA00295C9B /* testGitTests */ = {
			isa = PBXGroup;
			children = (
				3B58760A1D5F50CA00295C9B /* testGitTests.swift */,
				3B58760C1D5F50CA00295C9B /* Info.plist */,
			);
			path = testGitTests;
			sourceTree = "<group>";
		};
		3B5876141D5F50CA00295C9B /* testGitUITests */ = {
			isa = PBXGroup;
			children = (
				3B5876151D5F50CA00295C9B /* testGitUITests.swift */,
				3B5876171D5F50CA00295C9B /* Info.plist */,
			);
			path = testGitUITests;
			sourceTree = "<group>";
		};
/* End PBXGroup section */

/* Begin PBXNativeTarget section */
		3B5875F11D5F50CA00295C9B /* testGit */ = {
			isa = PBXNativeTarget;
			buildConfigurationList = 3B58761A1D5F50CA00295C9B /* Build configuration list for PBXNativeTarget "testGit" */;
			buildPhases = (
				3B5875EE1D5F50CA00295C9B /* Sources */,
				3B5875EF1D5F50CA00295C9B /* Frameworks */,
				3B5875F01D5F50CA00295C9B /* Resources */,
			);
			buildRules = (
			);
			dependencies = (
			);
			name = testGit;
			productName = testGit;
			productReference = 3B5875F21D5F50CA00295C9B /* testGit.app */;
			productType = "com.apple.product-type.application";
		};
		3B5876051D5F50CA00295C9B /* testGitTests */ = {
			isa = PBXNativeTarget;
			buildConfigurationList = 3B58761D1D5F50CA00295C9B /* Build configuration list for PBXNativeTarget "testGitTests" */;
			buildPhases = (
				3B5876021D5F50CA00295C9B /* Sources */,
				3B5876031D5F50CA00295C9B /* Frameworks */,
				3B5876041D5F50CA00295C9B /* Resources */,
			);
			buildRules = (
			);
			dependencies = (
				3B5876081D5F50CA00295C9B /* PBXTargetDependency */,
			);
			name = testGitTests;
			productName = testGitTests;
			productReference = 3B5876061D5F50CA00295C9B /* testGitTests.xctest */;
			productType = "com.apple.product-type.bundle.unit-test";
		};
		3B5876101D5F50CA00295C9B /* testGitUITests */ = {
			isa = PBXNativeTarget;
			buildConfigurationList = 3B5876201D5F50CA00295C9B /* Build configuration list for PBXNativeTarget "testGitUITests" */;
			buildPhases = (
				3B58760D1D5F50CA00295C9B /* Sources */,
				3B58760E1D5F50CA00295C9B /* Frameworks */,
				3B58760F1D5F50CA00295C9B /* Resources */,
			);
			buildRules = (
			);
			dependencies = (
				3B5876131D5F50CA00295C9B /* PBXTargetDependency */,
			);
			name = testGitUITests;
			productName = testGitUITests;
			productReference = 3B5876111D5F50CA00295C9B /* testGitUITests.xctest */;
			productType = "com.apple.product-type.bundle.ui-testing";
		};
/* End PBXNativeTarget section */

/* Begin PBXProject section */
		3B5875EA1D5F50CA00295C9B /* Project object */ = {
			isa = PBXProject;
			attributes = {
				LastSwiftUpdateCheck = 0730;
				LastUpgradeCheck = 0730;
				ORGANIZATIONNAME = hiddenplatform;
				TargetAttributes = {
					3B5875F11D5F50CA00295C9B = {
						CreatedOnToolsVersion = 7.3.1;
					};
					3B5876051D5F50CA00295C9B = {
						CreatedOnToolsVersion = 7.3.1;
						TestTargetID = 3B5875F11D5F50CA00295C9B;
					};
					3B5876101D5F50CA00295C9B = {
						CreatedOnToolsVersion = 7.3.1;
						TestTargetID = 3B5875F11D5F50CA00295C9B;
					};
				};
			};
			buildConfigurationList = 3B5875ED1D5F50CA00295C9B /* Build configuration list for PBXProject "testGit" */;
			compatibilityVersion = "Xcode 3.2";
			developmentRegion = English;
			hasScannedForEncodings = 0;
			knownRegions = (
				en,
				Base,
			);
			mainGroup = 3B5875E91D5F50CA00295C9B;
			productRefGroup = 3B5875F31D5F50CA00295C9B /* Products */;
			projectDirPath = "";
			projectRoot = "";
			targets = (
				3B5875F11D5F50CA00295C9B /* testGit */,
				3B5876051D5F50CA00295C9B /* testGitTests */,
				3B5876101D5F50CA00295C9B /* testGitUITests */,
			);
		};
/* End PBXProject section */

/* Begin PBXResourcesBuildPhase section */
		3B5875F01D5F50CA00295C9B /* Resources */ = {
			isa = PBXResourcesBuildPhase;
			buildActionMask = 2147483647;
			files = (
				3B5876001D5F50CA00295C9B /* LaunchScreen.storyboard in Resources */,
				3B5875FD1D5F50CA00295C9B /* Assets.xcassets in Resources */,
				3B5875FB1D5F50CA00295C9B /* Main.storyboard in Resources */,
			);
			runOnlyForDeploymentPostprocessing = 0;
		};
		3B5876041D5F50CA00295C9B /* Resources */ = {
			isa = PBXResourcesBuildPhase;
			buildActionMask = 2147483647;
			files = (
			);
			runOnlyForDeploymentPostprocessing = 0;
		};
		3B58760F1D5F50CA00295C9B /* Resources */ = {
			isa = PBXResourcesBuildPhase;
			buildActionMask = 2147483647;
			files = (
			);
			runOnlyForDeploymentPostprocessing = 0;
		};
/* End PBXResourcesBuildPhase section */

/* Begin PBXSourcesBuildPhase section */
		3B5875EE1D5F50CA00295C9B /* Sources */ = {
			isa = PBXSourcesBuildPhase;
			buildActionMask = 2147483647;
			files = (
				3B5875F81D5F50CA00295C9B /* ViewController.swift in Sources */,
				3B5875F61D5F50CA00295C9B /* AppDelegate.swift in Sources */,
			);
			runOnlyForDeploymentPostprocessing = 0;
		};
		3B5876021D5F50CA00295C9B /* Sources */ = {
			isa = PBXSourcesBuildPhase;
			buildActionMask = 2147483647;
			files = (
				3B58760B1D5F50CA00295C9B /* testGitTests.swift in Sources */,
			);
			runOnlyForDeploymentPostprocessing = 0;
		};
		3B58760D1D5F50CA00295C9B /* Sources */ = {
			isa = PBXSourcesBuildPhase;
			buildActionMask = 2147483647;
			files = (
				3B5876161D5F50CA00295C9B /* testGitUITests.swift in Sources */,
			);
			runOnlyForDeploymentPostprocessing = 0;
		};
/* End PBXSourcesBuildPhase section */

/* Begin PBXTargetDependency section */
		3B5876081D5F50CA00295C9B /* PBXTargetDependency */ = {
			isa = PBXTargetDependency;
			target = 3B5875F11D5F50CA00295C9B /* testGit */;
			targetProxy = 3B5876071D5F50CA00295C9B /* PBXContainerItemProxy */;
		};
		3B5876131D5F50CA00295C9B /* PBXTargetDependency */ = {
			isa = PBXTargetDependency;
			target = 3B5875F11D5F50CA00295C9B /* testGit */;
			targetProxy = 3B5876121D5F50CA00295C9B /* PBXContainerItemProxy */;
		};
/* End PBXTargetDependency section */

/* Begin PBXVariantGroup section */
		3B5875F91D5F50CA00295C9B /* Main.storyboard */ = {
			isa = PBXVariantGroup;
			children = (
				3B5875FA1D5F50CA00295C9B /* Base */,
			);
			name = Main.storyboard;
			sourceTree = "<group>";
		};
		3B5875FE1D5F50CA00295C9B /* LaunchScreen.storyboard */ = {
			isa = PBXVariantGroup;
			children = (
				3B5875FF1D5F50CA00295C9B /* Base */,
			);
			name = LaunchScreen.storyboard;
			sourceTree = "<group>";
		};
/* End PBXVariantGroup section */

/* Begin XCBuildConfiguration section */
		3B5876181D5F50CA00295C9B /* Debug */ = {
			isa = XCBuildConfiguration;
			buildSettings = {
				ALWAYS_SEARCH_USER_PATHS = NO;
				CLANG_ANALYZER_NONNULL = YES;
				CLANG_CXX_LANGUAGE_STANDARD = "gnu++0x";
				CLANG_CXX_LIBRARY = "libc++";
				CLANG_ENABLE_MODULES = YES;
				CLANG_ENABLE_OBJC_ARC = YES;
				CLANG_WARN_BOOL_CONVERSION = YES;
				CLANG_WARN_CONSTANT_CONVERSION = YES;
				CLANG_WARN_DIRECT_OBJC_ISA_USAGE = YES_ERROR;
				CLANG_WARN_EMPTY_BODY = YES;
				CLANG_WARN_ENUM_CONVERSION = YES;
				CLANG_WARN_INT_CONVERSION = YES;
				CLANG_WARN_OBJC_ROOT_CLASS = YES_ERROR;
				CLANG_WARN_UNREACHABLE_CODE = YES;
				CLANG_WARN__DUPLICATE_METHOD_MATCH = YES;
				"CODE_SIGN_IDENTITY[sdk=iphoneos*]" = "iPhone Developer";
				COPY_PHASE_STRIP = NO;
				DEBUG_INFORMATION_FORMAT = dwarf;
				ENABLE_STRICT_OBJC_MSGSEND = YES;
				ENABLE_TESTABILITY = YES;
				GCC_C_LANGUAGE_STANDARD = gnu99;
				GCC_DYNAMIC_NO_PIC = NO;
				GCC_NO_COMMON_BLOCKS = YES;
				GCC_OPTIMIZATION_LEVEL = 0;
				GCC_PREPROCESSOR_DEFINITIONS = (
					"DEBUG=1",
					"$(inherited)",
				);
				GCC_WARN_64_TO_32_BIT_CONVERSION = YES;
				GCC_WARN_ABOUT_RETURN_TYPE = YES_ERROR;
				GCC_WARN_UNDECLARED_SELECTOR = YES;
				GCC_WARN_UNINITIALIZED_AUTOS = YES_AGGRESSIVE;
				GCC_WARN_UNUSED_FUNCTION = YES;
				GCC_WARN_UNUSED_VARIABLE = YES;
				IPHONEOS_DEPLOYMENT_TARGET = 9.3;
				MTL_ENABLE_DEBUG_INFO = YES;
				ONLY_ACTIVE_ARCH = YES;
				SDKROOT = iphoneos;
				SWIFT_OPTIMIZATION_LEVEL = "-Onone";
			};
			name = Debug;
		};
		3B5876191D5F50CA00295C9B /* Release */ = {
			isa = XCBuildConfiguration;
			buildSettings = {
				ALWAYS_SEARCH_USER_PATHS = NO;
				CLANG_ANALYZER_NONNULL = YES;
				CLANG_CXX_LANGUAGE_STANDARD = "gnu++0x";
				CLANG_CXX_LIBRARY = "libc++";
				CLANG_ENABLE_MODULES = YES;
				CLANG_ENABLE_OBJC_ARC = YES;
				CLANG_WARN_BOOL_CONVERSION = YES;
				CLANG_WARN_CONSTANT_CONVERSION = YES;
				CLANG_WARN_DIRECT_OBJC_ISA_USAGE = YES_ERROR;
				CLANG_WARN_EMPTY_BODY = YES;
				CLANG_WARN_ENUM_CONVERSION = YES;
				CLANG_WARN_INT_CONVERSION = YES;
				CLANG_WARN_OBJC_ROOT_CLASS = YES_ERROR;
				CLANG_WARN_UNREACHABLE_CODE = YES;
				CLANG_WARN__DUPLICATE_METHOD_MATCH = YES;
				"CODE_SIGN_IDENTITY[sdk=iphoneos*]" = "iPhone Developer";
				COPY_PHASE_STRIP = NO;
				DEBUG_INFORMATION_FORMAT = "dwarf-with-dsym";
				ENABLE_NS_ASSERTIONS = NO;
				ENABLE_STRICT_OBJC_MSGSEND = YES;
				GCC_C_LANGUAGE_STANDARD = gnu99;
				GCC_NO_COMMON_BLOCKS = YES;
				GCC_WARN_64_TO_32_BIT_CONVERSION = YES;
				GCC_WARN_ABOUT_RETURN_TYPE = YES_ERROR;
				GCC_WARN_UNDECLARED_SELECTOR = YES;
				GCC_WARN_UNINITIALIZED_AUTOS = YES_AGGRESSIVE;
				GCC_WARN_UNUSED_FUNCTION = YES;
				GCC_WARN_UNUSED_VARIABLE = YES;
				IPHONEOS_DEPLOYMENT_TARGET = 9.3;
				MTL_ENABLE_DEBUG_INFO = NO;
				SDKROOT = iphoneos;
				VALIDATE_PRODUCT = YES;
			};
			name = Release;
		};
		3B58761B1D5F50CA00295C9B /* Debug */ = {
			isa = XCBuildConfiguration;
			buildSettings = {
				ASSETCATALOG_COMPILER_APPICON_NAME = AppIcon;
				INFOPLIST_FILE = testGit/Info.plist;
				LD_RUNPATH_SEARCH_PATHS = "$(inherited) @executable_path/Frameworks";
				PRODUCT_BUNDLE_IDENTIFIER = hiddenplatform.testGit;
				PRODUCT_NAME = "$(TARGET_NAME)";
			};
			name = Debug;
		};
		3B58761C1D5F50CA00295C9B /* Release */ = {
			isa = XCBuildConfiguration;
			buildSettings = {
				ASSETCATALOG_COMPILER_APPICON_NAME = AppIcon;
				INFOPLIST_FILE = testGit/Info.plist;
				LD_RUNPATH_SEARCH_PATHS = "$(inherited) @executable_path/Frameworks";
				PRODUCT_BUNDLE_IDENTIFIER = hiddenplatform.testGit;
				PRODUCT_NAME = "$(TARGET_NAME)";
			};
			name = Release;
		};
		3B58761E1D5F50CA00295C9B /* Debug */ = {
			isa = XCBuildConfiguration;
			buildSettings = {
				BUNDLE_LOADER = "$(TEST_HOST)";
				INFOPLIST_FILE = testGitTests/Info.plist;
				LD_RUNPATH_SEARCH_PATHS = "$(inherited) @executable_path/Frameworks @loader_path/Frameworks";
				PRODUCT_BUNDLE_IDENTIFIER = hiddenplatform.testGitTests;
				PRODUCT_NAME = "$(TARGET_NAME)";
				TEST_HOST = "$(BUILT_PRODUCTS_DIR)/testGit.app/testGit";
			};
			name = Debug;
		};
		3B58761F1D5F50CA00295C9B /* Release */ = {
			isa = XCBuildConfiguration;
			buildSettings = {
				BUNDLE_LOADER = "$(TEST_HOST)";
				INFOPLIST_FILE = testGitTests/Info.plist;
				LD_RUNPATH_SEARCH_PATHS = "$(inherited) @executable_path/Frameworks @loader_path/Frameworks";
				PRODUCT_BUNDLE_IDENTIFIER = hiddenplatform.testGitTests;
				PRODUCT_NAME = "$(TARGET_NAME)";
				TEST_HOST = "$(BUILT_PRODUCTS_DIR)/testGit.app/testGit";
			};
			name = Release;
		};
		3B5876211D5F50CA00295C9B /* Debug */ = {
			isa = XCBuildConfiguration;
			buildSettings = {
				INFOPLIST_FILE = testGitUITests/Info.plist;
				LD_RUNPATH_SEARCH_PATHS = "$(inherited) @executable_path/Frameworks @loader_path/Frameworks";
				PRODUCT_BUNDLE_IDENTIFIER = hiddenplatform.testGitUITests;
				PRODUCT_NAME = "$(TARGET_NAME)";
				TEST_TARGET_NAME = testGit;
			};
			name = Debug;
		};
		3B5876221D5F50CA00295C9B /* Release */ = {
			isa = XCBuildConfiguration;
			buildSettings = {
				INFOPLIST_FILE = testGitUITests/Info.plist;
				LD_RUNPATH_SEARCH_PATHS = "$(inherited) @executable_path/Frameworks @loader_path/Frameworks";
				PRODUCT_BUNDLE_IDENTIFIER = hiddenplatform.testGitUITests;
				PRODUCT_NAME = "$(TARGET_NAME)";
				TEST_TARGET_NAME = testGit;
			};
			name = Release;
		};
/* End XCBuildConfiguration section */

/* Begin XCConfigurationList section */
		3B5875ED1D5F50CA00295C9B /* Build configuration list for PBXProject "testGit" */ = {
			isa = XCConfigurationList;
			buildConfigurations = (
				3B5876181D5F50CA00295C9B /* Debug */,
				3B5876191D5F50CA00295C9B /* Release */,
			);
			defaultConfigurationIsVisible = 0;
			defaultConfigurationName = Release;
		};
		3B58761A1D5F50CA00295C9B /* Build configuration list for PBXNativeTarget "testGit" */ = {
			isa = XCConfigurationList;
			buildConfigurations = (
				3B58761B1D5F50CA00295C9B /* Debug */,
				3B58761C1D5F50CA00295C9B /* Release */,
			);
			defaultConfigurationIsVisible = 0;
		};
		3B58761D1D5F50CA00295C9B /* Build configuration list for PBXNativeTarget "testGitTests" */ = {
			isa = XCConfigurationList;
			buildConfigurations = (
				3B58761E1D5F50CA00295C9B /* Debug */,
				3B58761F1D5F50CA00295C9B /* Release */,
			);
			defaultConfigurationIsVisible = 0;
		};
		3B5876201D5F50CA00295C9B /* Build configuration list for PBXNativeTarget "testGitUITests" */ = {
			isa = XCConfigurationList;
			buildConfigurations = (
				3B5876211D5F50CA00295C9B /* Debug */,
				3B5876221D5F50CA00295C9B /* Release */,
			);
			defaultConfigurationIsVisible = 0;
		};
/* End XCConfigurationList section */
	};
	rootObject = 3B5875EA1D5F50CA00295C9B /* Project object */;
}
